// !$*UTF8*$!
{
	archiveVersion = 1;
	classes = {
	};
	objectVersion = 56;
	objects = {

/* Begin PBXBuildFile section */
		CE13001D2C50492B006B3FCE /* AppDelegate.swift in Sources */ = {isa = PBXBuildFile; fileRef = CE13001C2C50492B006B3FCE /* AppDelegate.swift */; };
		CE13001F2C50492B006B3FCE /* SceneDelegate.swift in Sources */ = {isa = PBXBuildFile; fileRef = CE13001E2C50492B006B3FCE /* SceneDelegate.swift */; };
		CE1300212C50492B006B3FCE /* ViewController.swift in Sources */ = {isa = PBXBuildFile; fileRef = CE1300202C50492B006B3FCE /* ViewController.swift */; };
		CE1300242C50492B006B3FCE /* Main.storyboard in Resources */ = {isa = PBXBuildFile; fileRef = CE1300222C50492B006B3FCE /* Main.storyboard */; };
		CE1300262C50492C006B3FCE /* Assets.xcassets in Resources */ = {isa = PBXBuildFile; fileRef = CE1300252C50492C006B3FCE /* Assets.xcassets */; };
		CE1300292C50492C006B3FCE /* LaunchScreen.storyboard in Resources */ = {isa = PBXBuildFile; fileRef = CE1300272C50492C006B3FCE /* LaunchScreen.storyboard */; };
		FCD29D7F00A210CEBEBB4F7D /* Pods_iOSAdobeApp.framework in Frameworks */ = {isa = PBXBuildFile; fileRef = 4D1B42458F6313B78DC0C823 /* Pods_iOSAdobeApp.framework */; };
/* End PBXBuildFile section */

/* Begin PBXFileReference section */
		4D1B42458F6313B78DC0C823 /* Pods_iOSAdobeApp.framework */ = {isa = PBXFileReference; explicitFileType = wrapper.framework; includeInIndex = 0; path = Pods_iOSAdobeApp.framework; sourceTree = BUILT_PRODUCTS_DIR; };
		A5CECABF83FC63CF9D3888D6 /* Pods-iOSAdobeApp.debug.xcconfig */ = {isa = PBXFileReference; includeInIndex = 1; lastKnownFileType = text.xcconfig; name = "Pods-iOSAdobeApp.debug.xcconfig"; path = "Target Support Files/Pods-iOSAdobeApp/Pods-iOSAdobeApp.debug.xcconfig"; sourceTree = "<group>"; };
		BDAF7ED58EA8EBF1B51E1D99 /* Pods-iOSAdobeApp.release.xcconfig */ = {isa = PBXFileReference; includeInIndex = 1; lastKnownFileType = text.xcconfig; name = "Pods-iOSAdobeApp.release.xcconfig"; path = "Target Support Files/Pods-iOSAdobeApp/Pods-iOSAdobeApp.release.xcconfig"; sourceTree = "<group>"; };
		CE1300192C50492B006B3FCE /* iOSAdobeApp.app */ = {isa = PBXFileReference; explicitFileType = wrapper.application; includeInIndex = 0; path = iOSAdobeApp.app; sourceTree = BUILT_PRODUCTS_DIR; };
		CE13001C2C50492B006B3FCE /* AppDelegate.swift */ = {isa = PBXFileReference; lastKnownFileType = sourcecode.swift; path = AppDelegate.swift; sourceTree = "<group>"; };
		CE13001E2C50492B006B3FCE /* SceneDelegate.swift */ = {isa = PBXFileReference; lastKnownFileType = sourcecode.swift; path = SceneDelegate.swift; sourceTree = "<group>"; };
		CE1300202C50492B006B3FCE /* ViewController.swift */ = {isa = PBXFileReference; lastKnownFileType = sourcecode.swift; path = ViewController.swift; sourceTree = "<group>"; };
		CE1300232C50492B006B3FCE /* Base */ = {isa = PBXFileReference; lastKnownFileType = file.storyboard; name = Base; path = Base.lproj/Main.storyboard; sourceTree = "<group>"; };
		CE1300252C50492C006B3FCE /* Assets.xcassets */ = {isa = PBXFileReference; lastKnownFileType = folder.assetcatalog; path = Assets.xcassets; sourceTree = "<group>"; };
		CE1300282C50492C006B3FCE /* Base */ = {isa = PBXFileReference; lastKnownFileType = file.storyboard; name = Base; path = Base.lproj/LaunchScreen.storyboard; sourceTree = "<group>"; };
		CE13002A2C50492C006B3FCE /* Info.plist */ = {isa = PBXFileReference; lastKnownFileType = text.plist.xml; path = Info.plist; sourceTree = "<group>"; };
		CE1300302C5049B8006B3FCE /* iOSAdobeApp.entitlements */ = {isa = PBXFileReference; lastKnownFileType = text.plist.entitlements; path = iOSAdobeApp.entitlements; sourceTree = "<group>"; };
/* End PBXFileReference section */

/* Begin PBXFrameworksBuildPhase section */
		CE1300162C50492B006B3FCE /* Frameworks */ = {
			isa = PBXFrameworksBuildPhase;
			buildActionMask = 2147483647;
			files = (
				FCD29D7F00A210CEBEBB4F7D /* Pods_iOSAdobeApp.framework in Frameworks */,
			);
			runOnlyForDeploymentPostprocessing = 0;
		};
/* End PBXFrameworksBuildPhase section */

/* Begin PBXGroup section */
		456DD8B363669EFF6D9DF7F2 /* Pods */ = {
			isa = PBXGroup;
			children = (
				A5CECABF83FC63CF9D3888D6 /* Pods-iOSAdobeApp.debug.xcconfig */,
				BDAF7ED58EA8EBF1B51E1D99 /* Pods-iOSAdobeApp.release.xcconfig */,
			);
			path = Pods;
			sourceTree = "<group>";
		};
		55E39ED8C06DDA689C1CA50F /* Frameworks */ = {
			isa = PBXGroup;
			children = (
				4D1B42458F6313B78DC0C823 /* Pods_iOSAdobeApp.framework */,
			);
			name = Frameworks;
			sourceTree = "<group>";
		};
		CE1300102C50492B006B3FCE = {
			isa = PBXGroup;
			children = (
				CE13001B2C50492B006B3FCE /* iOSAdobeApp */,
				CE13001A2C50492B006B3FCE /* Products */,
				456DD8B363669EFF6D9DF7F2 /* Pods */,
				55E39ED8C06DDA689C1CA50F /* Frameworks */,
			);
			sourceTree = "<group>";
		};
		CE13001A2C50492B006B3FCE /* Products */ = {
			isa = PBXGroup;
			children = (
				CE1300192C50492B006B3FCE /* iOSAdobeApp.app */,
			);
			name = Products;
			sourceTree = "<group>";
		};
		CE13001B2C50492B006B3FCE /* iOSAdobeApp */ = {
			isa = PBXGroup;
			children = (
				CE1300302C5049B8006B3FCE /* iOSAdobeApp.entitlements */,
				CE13001C2C50492B006B3FCE /* AppDelegate.swift */,
				CE13001E2C50492B006B3FCE /* SceneDelegate.swift */,
				CE1300202C50492B006B3FCE /* ViewController.swift */,
				CE1300222C50492B006B3FCE /* Main.storyboard */,
				CE1300252C50492C006B3FCE /* Assets.xcassets */,
				CE1300272C50492C006B3FCE /* LaunchScreen.storyboard */,
				CE13002A2C50492C006B3FCE /* Info.plist */,
			);
			path = iOSAdobeApp;
			sourceTree = "<group>";
		};
/* End PBXGroup section */

/* Begin PBXNativeTarget section */
		CE1300182C50492B006B3FCE /* iOSAdobeApp */ = {
			isa = PBXNativeTarget;
			buildConfigurationList = CE13002D2C50492C006B3FCE /* Build configuration list for PBXNativeTarget "iOSAdobeApp" */;
			buildPhases = (
				4950D50290A7018033764D3D /* [CP] Check Pods Manifest.lock */,
				CE1300152C50492B006B3FCE /* Sources */,
				CE1300162C50492B006B3FCE /* Frameworks */,
				CE1300172C50492B006B3FCE /* Resources */,
				A565DA54153279BA9B6D290F /* [CP] Embed Pods Frameworks */,
			);
			buildRules = (
			);
			dependencies = (
			);
			name = iOSAdobeApp;
			productName = iOSAdobeApp;
			productReference = CE1300192C50492B006B3FCE /* iOSAdobeApp.app */;
			productType = "com.apple.product-type.application";
		};
/* End PBXNativeTarget section */

/* Begin PBXProject section */
		CE1300112C50492B006B3FCE /* Project object */ = {
			isa = PBXProject;
			attributes = {
				BuildIndependentTargetsInParallel = 1;
				LastSwiftUpdateCheck = 1520;
				LastUpgradeCheck = 1520;
				TargetAttributes = {
					CE1300182C50492B006B3FCE = {
						CreatedOnToolsVersion = 15.2;
					};
				};
			};
			buildConfigurationList = CE1300142C50492B006B3FCE /* Build configuration list for PBXProject "iOSAdobeApp" */;
			compatibilityVersion = "Xcode 14.0";
			developmentRegion = en;
			hasScannedForEncodings = 0;
			knownRegions = (
				en,
				Base,
			);
			mainGroup = CE1300102C50492B006B3FCE;
			productRefGroup = CE13001A2C50492B006B3FCE /* Products */;
			projectDirPath = "";
			projectRoot = "";
			targets = (
				CE1300182C50492B006B3FCE /* iOSAdobeApp */,
			);
		};
/* End PBXProject section */

/* Begin PBXResourcesBuildPhase section */
		CE1300172C50492B006B3FCE /* Resources */ = {
			isa = PBXResourcesBuildPhase;
			buildActionMask = 2147483647;
			files = (
				CE1300292C50492C006B3FCE /* LaunchScreen.storyboard in Resources */,
				CE1300262C50492C006B3FCE /* Assets.xcassets in Resources */,
				CE1300242C50492B006B3FCE /* Main.storyboard in Resources */,
			);
			runOnlyForDeploymentPostprocessing = 0;
		};
/* End PBXResourcesBuildPhase section */

/* Begin PBXShellScriptBuildPhase section */
		4950D50290A7018033764D3D /* [CP] Check Pods Manifest.lock */ = {
			isa = PBXShellScriptBuildPhase;
			buildActionMask = 2147483647;
			files = (
			);
			inputFileListPaths = (
			);
			inputPaths = (
				"${PODS_PODFILE_DIR_PATH}/Podfile.lock",
				"${PODS_ROOT}/Manifest.lock",
			);
			name = "[CP] Check Pods Manifest.lock";
			outputFileListPaths = (
			);
			outputPaths = (
				"$(DERIVED_FILE_DIR)/Pods-iOSAdobeApp-checkManifestLockResult.txt",
			);
			runOnlyForDeploymentPostprocessing = 0;
			shellPath = /bin/sh;
			shellScript = "diff \"${PODS_PODFILE_DIR_PATH}/Podfile.lock\" \"${PODS_ROOT}/Manifest.lock\" > /dev/null\nif [ $? != 0 ] ; then\n    # print error to STDERR\n    echo \"error: The sandbox is not in sync with the Podfile.lock. Run 'pod install' or update your CocoaPods installation.\" >&2\n    exit 1\nfi\n# This output is used by Xcode 'outputs' to avoid re-running this script phase.\necho \"SUCCESS\" > \"${SCRIPT_OUTPUT_FILE_0}\"\n";
			showEnvVarsInLog = 0;
		};
		A565DA54153279BA9B6D290F /* [CP] Embed Pods Frameworks */ = {
			isa = PBXShellScriptBuildPhase;
			buildActionMask = 2147483647;
			files = (
			);
			inputFileListPaths = (
				"${PODS_ROOT}/Target Support Files/Pods-iOSAdobeApp/Pods-iOSAdobeApp-frameworks-${CONFIGURATION}-input-files.xcfilelist",
			);
			name = "[CP] Embed Pods Frameworks";
			outputFileListPaths = (
				"${PODS_ROOT}/Target Support Files/Pods-iOSAdobeApp/Pods-iOSAdobeApp-frameworks-${CONFIGURATION}-output-files.xcfilelist",
			);
			runOnlyForDeploymentPostprocessing = 0;
			shellPath = /bin/sh;
			shellScript = "\"${PODS_ROOT}/Target Support Files/Pods-iOSAdobeApp/Pods-iOSAdobeApp-frameworks.sh\"\n";
			showEnvVarsInLog = 0;
		};
/* End PBXShellScriptBuildPhase section */

/* Begin PBXSourcesBuildPhase section */
		CE1300152C50492B006B3FCE /* Sources */ = {
			isa = PBXSourcesBuildPhase;
			buildActionMask = 2147483647;
			files = (
				CE1300212C50492B006B3FCE /* ViewController.swift in Sources */,
				CE13001D2C50492B006B3FCE /* AppDelegate.swift in Sources */,
				CE13001F2C50492B006B3FCE /* SceneDelegate.swift in Sources */,
			);
			runOnlyForDeploymentPostprocessing = 0;
		};
/* End PBXSourcesBuildPhase section */

/* Begin PBXVariantGroup section */
		CE1300222C50492B006B3FCE /* Main.storyboard */ = {
			isa = PBXVariantGroup;
			children = (
				CE1300232C50492B006B3FCE /* Base */,
			);
			name = Main.storyboard;
			sourceTree = "<group>";
		};
		CE1300272C50492C006B3FCE /* LaunchScreen.storyboard */ = {
			isa = PBXVariantGroup;
			children = (
				CE1300282C50492C006B3FCE /* Base */,
			);
			name = LaunchScreen.storyboard;
			sourceTree = "<group>";
		};
/* End PBXVariantGroup section */

/* Begin XCBuildConfiguration section */
		CE13002B2C50492C006B3FCE /* Debug */ = {
			isa = XCBuildConfiguration;
			buildSettings = {
				ALWAYS_SEARCH_USER_PATHS = NO;
				ASSETCATALOG_COMPILER_GENERATE_SWIFT_ASSET_SYMBOL_EXTENSIONS = YES;
				CLANG_ANALYZER_NONNULL = YES;
				CLANG_ANALYZER_NUMBER_OBJECT_CONVERSION = YES_AGGRESSIVE;
				CLANG_CXX_LANGUAGE_STANDARD = "gnu++20";
				CLANG_ENABLE_MODULES = YES;
				CLANG_ENABLE_OBJC_ARC = YES;
				CLANG_ENABLE_OBJC_WEAK = YES;
				CLANG_WARN_BLOCK_CAPTURE_AUTORELEASING = YES;
				CLANG_WARN_BOOL_CONVERSION = YES;
				CLANG_WARN_COMMA = YES;
				CLANG_WARN_CONSTANT_CONVERSION = YES;
				CLANG_WARN_DEPRECATED_OBJC_IMPLEMENTATIONS = YES;
				CLANG_WARN_DIRECT_OBJC_ISA_USAGE = YES_ERROR;
				CLANG_WARN_DOCUMENTATION_COMMENTS = YES;
				CLANG_WARN_EMPTY_BODY = YES;
				CLANG_WARN_ENUM_CONVERSION = YES;
				CLANG_WARN_INFINITE_RECURSION = YES;
				CLANG_WARN_INT_CONVERSION = YES;
				CLANG_WARN_NON_LITERAL_NULL_CONVERSION = YES;
				CLANG_WARN_OBJC_IMPLICIT_RETAIN_SELF = YES;
				CLANG_WARN_OBJC_LITERAL_CONVERSION = YES;
				CLANG_WARN_OBJC_ROOT_CLASS = YES_ERROR;
				CLANG_WARN_QUOTED_INCLUDE_IN_FRAMEWORK_HEADER = YES;
				CLANG_WARN_RANGE_LOOP_ANALYSIS = YES;
				CLANG_WARN_STRICT_PROTOTYPES = YES;
				CLANG_WARN_SUSPICIOUS_MOVE = YES;
				CLANG_WARN_UNGUARDED_AVAILABILITY = YES_AGGRESSIVE;
				CLANG_WARN_UNREACHABLE_CODE = YES;
				CLANG_WARN__DUPLICATE_METHOD_MATCH = YES;
				COPY_PHASE_STRIP = NO;
				DEBUG_INFORMATION_FORMAT = dwarf;
				ENABLE_STRICT_OBJC_MSGSEND = YES;
				ENABLE_TESTABILITY = YES;
				ENABLE_USER_SCRIPT_SANDBOXING = YES;
				GCC_C_LANGUAGE_STANDARD = gnu17;
				GCC_DYNAMIC_NO_PIC = NO;
				GCC_NO_COMMON_BLOCKS = YES;
				GCC_OPTIMIZATION_LEVEL = 0;
				GCC_PREPROCESSOR_DEFINITIONS = (
					"DEBUG=1",
					"$(inherited)",
				);
				GCC_WARN_64_TO_32_BIT_CONVERSION = YES;
				GCC_WARN_ABOUT_RETURN_TYPE = YES_ERROR;
				GCC_WARN_UNDECLARED_SELECTOR = YES;
				GCC_WARN_UNINITIALIZED_AUTOS = YES_AGGRESSIVE;
				GCC_WARN_UNUSED_FUNCTION = YES;
				GCC_WARN_UNUSED_VARIABLE = YES;
				IPHONEOS_DEPLOYMENT_TARGET = 17.2;
				LOCALIZATION_PREFERS_STRING_CATALOGS = YES;
				MTL_ENABLE_DEBUG_INFO = INCLUDE_SOURCE;
				MTL_FAST_MATH = YES;
				ONLY_ACTIVE_ARCH = YES;
				SDKROOT = iphoneos;
				SWIFT_ACTIVE_COMPILATION_CONDITIONS = "DEBUG $(inherited)";
				SWIFT_OPTIMIZATION_LEVEL = "-Onone";
			};
			name = Debug;
		};
		CE13002C2C50492C006B3FCE /* Release */ = {
			isa = XCBuildConfiguration;
			buildSettings = {
				ALWAYS_SEARCH_USER_PATHS = NO;
				ASSETCATALOG_COMPILER_GENERATE_SWIFT_ASSET_SYMBOL_EXTENSIONS = YES;
				CLANG_ANALYZER_NONNULL = YES;
				CLANG_ANALYZER_NUMBER_OBJECT_CONVERSION = YES_AGGRESSIVE;
				CLANG_CXX_LANGUAGE_STANDARD = "gnu++20";
				CLANG_ENABLE_MODULES = YES;
				CLANG_ENABLE_OBJC_ARC = YES;
				CLANG_ENABLE_OBJC_WEAK = YES;
				CLANG_WARN_BLOCK_CAPTURE_AUTORELEASING = YES;
				CLANG_WARN_BOOL_CONVERSION = YES;
				CLANG_WARN_COMMA = YES;
				CLANG_WARN_CONSTANT_CONVERSION = YES;
				CLANG_WARN_DEPRECATED_OBJC_IMPLEMENTATIONS = YES;
				CLANG_WARN_DIRECT_OBJC_ISA_USAGE = YES_ERROR;
				CLANG_WARN_DOCUMENTATION_COMMENTS = YES;
				CLANG_WARN_EMPTY_BODY = YES;
				CLANG_WARN_ENUM_CONVERSION = YES;
				CLANG_WARN_INFINITE_RECURSION = YES;
				CLANG_WARN_INT_CONVERSION = YES;
				CLANG_WARN_NON_LITERAL_NULL_CONVERSION = YES;
				CLANG_WARN_OBJC_IMPLICIT_RETAIN_SELF = YES;
				CLANG_WARN_OBJC_LITERAL_CONVERSION = YES;
				CLANG_WARN_OBJC_ROOT_CLASS = YES_ERROR;
				CLANG_WARN_QUOTED_INCLUDE_IN_FRAMEWORK_HEADER = YES;
				CLANG_WARN_RANGE_LOOP_ANALYSIS = YES;
				CLANG_WARN_STRICT_PROTOTYPES = YES;
				CLANG_WARN_SUSPICIOUS_MOVE = YES;
				CLANG_WARN_UNGUARDED_AVAILABILITY = YES_AGGRESSIVE;
				CLANG_WARN_UNREACHABLE_CODE = YES;
				CLANG_WARN__DUPLICATE_METHOD_MATCH = YES;
				COPY_PHASE_STRIP = NO;
				DEBUG_INFORMATION_FORMAT = "dwarf-with-dsym";
				ENABLE_NS_ASSERTIONS = NO;
				ENABLE_STRICT_OBJC_MSGSEND = YES;
				ENABLE_USER_SCRIPT_SANDBOXING = YES;
				GCC_C_LANGUAGE_STANDARD = gnu17;
				GCC_NO_COMMON_BLOCKS = YES;
				GCC_WARN_64_TO_32_BIT_CONVERSION = YES;
				GCC_WARN_ABOUT_RETURN_TYPE = YES_ERROR;
				GCC_WARN_UNDECLARED_SELECTOR = YES;
				GCC_WARN_UNINITIALIZED_AUTOS = YES_AGGRESSIVE;
				GCC_WARN_UNUSED_FUNCTION = YES;
				GCC_WARN_UNUSED_VARIABLE = YES;
				IPHONEOS_DEPLOYMENT_TARGET = 17.2;
				LOCALIZATION_PREFERS_STRING_CATALOGS = YES;
				MTL_ENABLE_DEBUG_INFO = NO;
				MTL_FAST_MATH = YES;
				SDKROOT = iphoneos;
				SWIFT_COMPILATION_MODE = wholemodule;
				VALIDATE_PRODUCT = YES;
			};
			name = Release;
		};
		CE13002E2C50492C006B3FCE /* Debug */ = {
			isa = XCBuildConfiguration;
			baseConfigurationReference = A5CECABF83FC63CF9D3888D6 /* Pods-iOSAdobeApp.debug.xcconfig */;
			buildSettings = {
				ASSETCATALOG_COMPILER_APPICON_NAME = AppIcon;
				ASSETCATALOG_COMPILER_GLOBAL_ACCENT_COLOR_NAME = AccentColor;
				CODE_SIGN_ENTITLEMENTS = iOSAdobeApp/iOSAdobeApp.entitlements;
				CODE_SIGN_STYLE = Automatic;
				CURRENT_PROJECT_VERSION = 1;
				DEVELOPMENT_TEAM = 58Y3DGS3BP;
				ENABLE_USER_SCRIPT_SANDBOXING = NO;
				GENERATE_INFOPLIST_FILE = YES;
				INFOPLIST_FILE = iOSAdobeApp/Info.plist;
				INFOPLIST_KEY_NSUserTrackingUsageDescription = "";
				INFOPLIST_KEY_UIApplicationSupportsIndirectInputEvents = YES;
				INFOPLIST_KEY_UILaunchStoryboardName = LaunchScreen;
				INFOPLIST_KEY_UIMainStoryboardFile = Main;
				INFOPLIST_KEY_UISupportedInterfaceOrientations_iPad = "UIInterfaceOrientationPortrait UIInterfaceOrientationPortraitUpsideDown UIInterfaceOrientationLandscapeLeft UIInterfaceOrientationLandscapeRight";
				INFOPLIST_KEY_UISupportedInterfaceOrientations_iPhone = "UIInterfaceOrientationPortrait UIInterfaceOrientationLandscapeLeft UIInterfaceOrientationLandscapeRight";
				LD_RUNPATH_SEARCH_PATHS = (
					"$(inherited)",
					"@executable_path/Frameworks",
				);
				MARKETING_VERSION = 1.0;
				PRODUCT_BUNDLE_IDENTIFIER = dev.hana.hanatestapp;
				PRODUCT_NAME = "$(TARGET_NAME)";
				SWIFT_EMIT_LOC_STRINGS = YES;
				SWIFT_VERSION = 5.0;
				TARGETED_DEVICE_FAMILY = "1,2";
			};
			name = Debug;
		};
		CE13002F2C50492C006B3FCE /* Release */ = {
			isa = XCBuildConfiguration;
			baseConfigurationReference = BDAF7ED58EA8EBF1B51E1D99 /* Pods-iOSAdobeApp.release.xcconfig */;
			buildSettings = {
				ASSETCATALOG_COMPILER_APPICON_NAME = AppIcon;
				ASSETCATALOG_COMPILER_GLOBAL_ACCENT_COLOR_NAME = AccentColor;
				CODE_SIGN_ENTITLEMENTS = iOSAdobeApp/iOSAdobeApp.entitlements;
				CODE_SIGN_STYLE = Automatic;
				CURRENT_PROJECT_VERSION = 1;
				DEVELOPMENT_TEAM = 58Y3DGS3BP;
				ENABLE_USER_SCRIPT_SANDBOXING = NO;
				GENERATE_INFOPLIST_FILE = YES;
				INFOPLIST_FILE = iOSAdobeApp/Info.plist;
				INFOPLIST_KEY_NSUserTrackingUsageDescription = "";
				INFOPLIST_KEY_UIApplicationSupportsIndirectInputEvents = YES;
				INFOPLIST_KEY_UILaunchStoryboardName = LaunchScreen;
				INFOPLIST_KEY_UIMainStoryboardFile = Main;
				INFOPLIST_KEY_UISupportedInterfaceOrientations_iPad = "UIInterfaceOrientationPortrait UIInterfaceOrientationPortraitUpsideDown UIInterfaceOrientationLandscapeLeft UIInterfaceOrientationLandscapeRight";
				INFOPLIST_KEY_UISupportedInterfaceOrientations_iPhone = "UIInterfaceOrientationPortrait UIInterfaceOrientationLandscapeLeft UIInterfaceOrientationLandscapeRight";
				LD_RUNPATH_SEARCH_PATHS = (
					"$(inherited)",
					"@executable_path/Frameworks",
				);
				MARKETING_VERSION = 1.0;
				PRODUCT_BUNDLE_IDENTIFIER = dev.hana.hanatestapp;
				PRODUCT_NAME = "$(TARGET_NAME)";
				SWIFT_EMIT_LOC_STRINGS = YES;
				SWIFT_VERSION = 5.0;
				TARGETED_DEVICE_FAMILY = "1,2";
			};
			name = Release;
		};
/* End XCBuildConfiguration section */

/* Begin XCConfigurationList section */
		CE1300142C50492B006B3FCE /* Build configuration list for PBXProject "iOSAdobeApp" */ = {
			isa = XCConfigurationList;
			buildConfigurations = (
				CE13002B2C50492C006B3FCE /* Debug */,
				CE13002C2C50492C006B3FCE /* Release */,
			);
			defaultConfigurationIsVisible = 0;
			defaultConfigurationName = Release;
		};
		CE13002D2C50492C006B3FCE /* Build configuration list for PBXNativeTarget "iOSAdobeApp" */ = {
			isa = XCConfigurationList;
			buildConfigurations = (
				CE13002E2C50492C006B3FCE /* Debug */,
				CE13002F2C50492C006B3FCE /* Release */,
			);
			defaultConfigurationIsVisible = 0;
			defaultConfigurationName = Release;
		};
/* End XCConfigurationList section */
	};
	rootObject = CE1300112C50492B006B3FCE /* Project object */;
}
